
Microsoft Visual Studio Solution File, Format Version 12.00
# Visual Studio Version 16
VisualStudioVersion = 16.0.31005.135
MinimumVisualStudioVersion = 10.0.40219.1
Project("{FAE04EC0-301F-11D3-BF4B-00C04F79EFBC}") = "Conditional 1", "Conditional 1\Conditional 1.csproj", "{F77C54AF-7B05-4316-B57F-408808F41ECF}"
EndProject
Global
	GlobalSection(SolutionConfigurationPlatforms) = preSolution
		Debug|Any CPU = Debug|Any CPU
		Release|Any CPU = Release|Any CPU
	EndGlobalSection
	GlobalSection(ProjectConfigurationPlatforms) = postSolution
		{F77C54AF-7B05-4316-B57F-408808F41ECF}.Debug|Any CPU.ActiveCfg = Debug|Any CPU
		{F77C54AF-7B05-4316-B57F-408808F41ECF}.Debug|Any CPU.Build.0 = Debug|Any CPU
		{F77C54AF-7B05-4316-B57F-408808F41ECF}.Release|Any CPU.ActiveCfg = Release|Any CPU
		{F77C54AF-7B05-4316-B57F-408808F41ECF}.Release|Any CPU.Build.0 = Release|Any CPU
	EndGlobalSection
	GlobalSection(SolutionProperties) = preSolution
		HideSolutionNode = FALSE
	EndGlobalSection
	GlobalSection(ExtensibilityGlobals) = postSolution
		SolutionGuid = {CB73371D-6F74-4383-ABC2-8323421BFABE}
	EndGlobalSection
EndGlobal
